
Microsoft Visual Studio Solution File, Format Version 12.00
# Visual Studio Version 17
VisualStudioVersion = 17.9.34728.123
MinimumVisualStudioVersion = 10.0.40219.1
Project("{FAE04EC0-301F-11D3-BF4B-00C04F79EFBC}") = "LoginPractica", "LoginPractica.csproj", "{AE0C5B89-F8B0-4857-9D49-1130980323EF}"
EndProject
Global
	GlobalSection(SolutionConfigurationPlatforms) = preSolution
		Debug|Any CPU = Debug|Any CPU
		Release|Any CPU = Release|Any CPU
	EndGlobalSection
	GlobalSection(ProjectConfigurationPlatforms) = postSolution
		{AE0C5B89-F8B0-4857-9D49-1130980323EF}.Debug|Any CPU.ActiveCfg = Debug|Any CPU
		{AE0C5B89-F8B0-4857-9D49-1130980323EF}.Debug|Any CPU.Build.0 = Debug|Any CPU
		{AE0C5B89-F8B0-4857-9D49-1130980323EF}.Release|Any CPU.ActiveCfg = Release|Any CPU
		{AE0C5B89-F8B0-4857-9D49-1130980323EF}.Release|Any CPU.Build.0 = Release|Any CPU
	EndGlobalSection
	GlobalSection(SolutionProperties) = preSolution
		HideSolutionNode = FALSE
	EndGlobalSection
	GlobalSection(ExtensibilityGlobals) = postSolution
		SolutionGuid = {D8F5D399-715E-461F-A1E5-741D4DE13804}
	EndGlobalSection
EndGlobal
